
Microsoft Visual Studio Solution File, Format Version 12.00
# Visual Studio 15
VisualStudioVersion = 15.0.27703.2018
MinimumVisualStudioVersion = 10.0.40219.1
Project("{8BC9CEB8-8B4A-11D0-8D11-00A0C91BC942}") = "buoyancysort", "buoyancysort\buoyancysort.vcxproj", "{B0EF333A-35E0-4CBF-8061-F6C5828B8629}"
EndProject
Global
	GlobalSection(SolutionConfigurationPlatforms) = preSolution
		Debug|x64 = Debug|x64
		Debug|x86 = Debug|x86
		Release|x64 = Release|x64
		Release|x86 = Release|x86
	EndGlobalSection
	GlobalSection(ProjectConfigurationPlatforms) = postSolution
		{B0EF333A-35E0-4CBF-8061-F6C5828B8629}.Debug|x64.ActiveCfg = Debug|x64
		{B0EF333A-35E0-4CBF-8061-F6C5828B8629}.Debug|x64.Build.0 = Debug|x64
		{B0EF333A-35E0-4CBF-8061-F6C5828B8629}.Debug|x86.ActiveCfg = Debug|Win32
		{B0EF333A-35E0-4CBF-8061-F6C5828B8629}.Debug|x86.Build.0 = Debug|Win32
		{B0EF333A-35E0-4CBF-8061-F6C5828B8629}.Release|x64.ActiveCfg = Release|x64
		{B0EF333A-35E0-4CBF-8061-F6C5828B8629}.Release|x64.Build.0 = Release|x64
		{B0EF333A-35E0-4CBF-8061-F6C5828B8629}.Release|x86.ActiveCfg = Release|Win32
		{B0EF333A-35E0-4CBF-8061-F6C5828B8629}.Release|x86.Build.0 = Release|Win32
	EndGlobalSection
	GlobalSection(SolutionProperties) = preSolution
		HideSolutionNode = FALSE
	EndGlobalSection
	GlobalSection(ExtensibilityGlobals) = postSolution
		SolutionGuid = {4BFA5809-9CF7-4D22-BEBD-52531557B6F8}
	EndGlobalSection
EndGlobal
